
Microsoft Visual Studio Solution File, Format Version 12.00
# Visual Studio 15
VisualStudioVersion = 15.0.28307.329
MinimumVisualStudioVersion = 10.0.40219.1
Project("{151D2E53-A2C4-4D7D-83FE-D05416EBD58E}") = "DeployWindowsVM", "DeployWindowsVM\DeployWindowsVM.deployproj", "{D25ECBC3-0DA2-443A-9591-C374A8E258E2}"
EndProject
Project("{151D2E53-A2C4-4D7D-83FE-D05416EBD58E}") = "CreateLinkedTemplates", "CreateLinkedTemplates\CreateLinkedTemplates.deployproj", "{D4C58B5F-C2DB-455C-9B1F-DD8A3B9243A6}"
EndProject
Project("{151D2E53-A2C4-4D7D-83FE-D05416EBD58E}") = "LinkTempVNPeering", "LinkTempVNPeering\LinkTempVNPeering.deployproj", "{9F18D47C-8659-436D-A75F-9A58F4B15627}"
EndProject
Project("{151D2E53-A2C4-4D7D-83FE-D05416EBD58E}") = "vnet-peering", "vnet-peering\vnet-peering.deployproj", "{D2AB90DE-69D6-491A-940C-07517548B69C}"
EndProject
Project("{151D2E53-A2C4-4D7D-83FE-D05416EBD58E}") = "vdc-networking-lab", "vdc-networking-lab\vdc-networking-lab.deployproj", "{C411D8A4-677A-41C7-8889-58277BF990FD}"
EndProject
Project("{151D2E53-A2C4-4D7D-83FE-D05416EBD58E}") = "Hub", "Hub\Hub.deployproj", "{93829B6B-E395-436D-879E-B6542DD11A48}"
EndProject
Project("{151D2E53-A2C4-4D7D-83FE-D05416EBD58E}") = "ManageSecretsAzureKeyVault", "ManageSecretsAzureKeyVault\ManageSecretsAzureKeyVault.deployproj", "{72B8F9FC-E58A-4A61-BB9C-BFF3BB755A10}"
EndProject
Project("{151D2E53-A2C4-4D7D-83FE-D05416EBD58E}") = "TestKeyVault", "TestKeyVault\TestKeyVault.deployproj", "{144D3F59-CB30-4AAF-89BB-10EA28C25751}"
EndProject
Project("{151D2E53-A2C4-4D7D-83FE-D05416EBD58E}") = "HubSpokeTopologySandbox", "HubSpokeTopologySandbox\HubSpokeTopologySandbox.deployproj", "{13DB19D1-5928-4F11-B879-ADAADBCCD5E2}"
EndProject
Project("{151D2E53-A2C4-4D7D-83FE-D05416EBD58E}") = "CreateMultipleInstances", "CreateMultipleInstances\CreateMultipleInstances.deployproj", "{D6395490-055B-4D88-8EDF-5F7E27BA4703}"
EndProject
Global
	GlobalSection(SolutionConfigurationPlatforms) = preSolution
		Debug|Any CPU = Debug|Any CPU
		Release|Any CPU = Release|Any CPU
	EndGlobalSection
	GlobalSection(ProjectConfigurationPlatforms) = postSolution
		{D25ECBC3-0DA2-443A-9591-C374A8E258E2}.Debug|Any CPU.ActiveCfg = Debug|Any CPU
		{D25ECBC3-0DA2-443A-9591-C374A8E258E2}.Debug|Any CPU.Build.0 = Debug|Any CPU
		{D25ECBC3-0DA2-443A-9591-C374A8E258E2}.Release|Any CPU.ActiveCfg = Release|Any CPU
		{D25ECBC3-0DA2-443A-9591-C374A8E258E2}.Release|Any CPU.Build.0 = Release|Any CPU
		{D4C58B5F-C2DB-455C-9B1F-DD8A3B9243A6}.Debug|Any CPU.ActiveCfg = Debug|Any CPU
		{D4C58B5F-C2DB-455C-9B1F-DD8A3B9243A6}.Debug|Any CPU.Build.0 = Debug|Any CPU
		{D4C58B5F-C2DB-455C-9B1F-DD8A3B9243A6}.Release|Any CPU.ActiveCfg = Release|Any CPU
		{D4C58B5F-C2DB-455C-9B1F-DD8A3B9243A6}.Release|Any CPU.Build.0 = Release|Any CPU
		{9F18D47C-8659-436D-A75F-9A58F4B15627}.Debug|Any CPU.ActiveCfg = Debug|Any CPU
		{9F18D47C-8659-436D-A75F-9A58F4B15627}.Debug|Any CPU.Build.0 = Debug|Any CPU
		{9F18D47C-8659-436D-A75F-9A58F4B15627}.Release|Any CPU.ActiveCfg = Release|Any CPU
		{9F18D47C-8659-436D-A75F-9A58F4B15627}.Release|Any CPU.Build.0 = Release|Any CPU
		{D2AB90DE-69D6-491A-940C-07517548B69C}.Debug|Any CPU.ActiveCfg = Debug|Any CPU
		{D2AB90DE-69D6-491A-940C-07517548B69C}.Debug|Any CPU.Build.0 = Debug|Any CPU
		{D2AB90DE-69D6-491A-940C-07517548B69C}.Release|Any CPU.ActiveCfg = Release|Any CPU
		{D2AB90DE-69D6-491A-940C-07517548B69C}.Release|Any CPU.Build.0 = Release|Any CPU
		{C411D8A4-677A-41C7-8889-58277BF990FD}.Debug|Any CPU.ActiveCfg = Debug|Any CPU
		{C411D8A4-677A-41C7-8889-58277BF990FD}.Debug|Any CPU.Build.0 = Debug|Any CPU
		{C411D8A4-677A-41C7-8889-58277BF990FD}.Release|Any CPU.ActiveCfg = Release|Any CPU
		{C411D8A4-677A-41C7-8889-58277BF990FD}.Release|Any CPU.Build.0 = Release|Any CPU
		{93829B6B-E395-436D-879E-B6542DD11A48}.Debug|Any CPU.ActiveCfg = Debug|Any CPU
		{93829B6B-E395-436D-879E-B6542DD11A48}.Debug|Any CPU.Build.0 = Debug|Any CPU
		{93829B6B-E395-436D-879E-B6542DD11A48}.Release|Any CPU.ActiveCfg = Release|Any CPU
		{93829B6B-E395-436D-879E-B6542DD11A48}.Release|Any CPU.Build.0 = Release|Any CPU
		{72B8F9FC-E58A-4A61-BB9C-BFF3BB755A10}.Debug|Any CPU.ActiveCfg = Debug|Any CPU
		{72B8F9FC-E58A-4A61-BB9C-BFF3BB755A10}.Debug|Any CPU.Build.0 = Debug|Any CPU
		{72B8F9FC-E58A-4A61-BB9C-BFF3BB755A10}.Release|Any CPU.ActiveCfg = Release|Any CPU
		{72B8F9FC-E58A-4A61-BB9C-BFF3BB755A10}.Release|Any CPU.Build.0 = Release|Any CPU
		{144D3F59-CB30-4AAF-89BB-10EA28C25751}.Debug|Any CPU.ActiveCfg = Debug|Any CPU
		{144D3F59-CB30-4AAF-89BB-10EA28C25751}.Debug|Any CPU.Build.0 = Debug|Any CPU
		{144D3F59-CB30-4AAF-89BB-10EA28C25751}.Release|Any CPU.ActiveCfg = Release|Any CPU
		{144D3F59-CB30-4AAF-89BB-10EA28C25751}.Release|Any CPU.Build.0 = Release|Any CPU
		{13DB19D1-5928-4F11-B879-ADAADBCCD5E2}.Debug|Any CPU.ActiveCfg = Debug|Any CPU
		{13DB19D1-5928-4F11-B879-ADAADBCCD5E2}.Debug|Any CPU.Build.0 = Debug|Any CPU
		{13DB19D1-5928-4F11-B879-ADAADBCCD5E2}.Release|Any CPU.ActiveCfg = Release|Any CPU
		{13DB19D1-5928-4F11-B879-ADAADBCCD5E2}.Release|Any CPU.Build.0 = Release|Any CPU
		{D6395490-055B-4D88-8EDF-5F7E27BA4703}.Debug|Any CPU.ActiveCfg = Debug|Any CPU
		{D6395490-055B-4D88-8EDF-5F7E27BA4703}.Debug|Any CPU.Build.0 = Debug|Any CPU
		{D6395490-055B-4D88-8EDF-5F7E27BA4703}.Release|Any CPU.ActiveCfg = Release|Any CPU
		{D6395490-055B-4D88-8EDF-5F7E27BA4703}.Release|Any CPU.Build.0 = Release|Any CPU
	EndGlobalSection
	GlobalSection(SolutionProperties) = preSolution
		HideSolutionNode = FALSE
	EndGlobalSection
	GlobalSection(ExtensibilityGlobals) = postSolution
		SolutionGuid = {3CFE829F-93B2-4E7B-BE1C-1C5C26D29E74}
	EndGlobalSection
EndGlobal
